// !$*UTF8*$!
{
	archiveVersion = 1;
	classes = {
	};
	objectVersion = 50;
	objects = {

/* Begin PBXBuildFile section */
		C3427ADE24927EF8007E6EC3 /* AppDelegate.swift in Sources */ = {isa = PBXBuildFile; fileRef = C3427ADD24927EF8007E6EC3 /* AppDelegate.swift */; };
		C3427AE024927EF8007E6EC3 /* ViewController.swift in Sources */ = {isa = PBXBuildFile; fileRef = C3427ADF24927EF8007E6EC3 /* ViewController.swift */; };
		C3427AE224927EFA007E6EC3 /* Assets.xcassets in Resources */ = {isa = PBXBuildFile; fileRef = C3427AE124927EFA007E6EC3 /* Assets.xcassets */; };
		C3427AE524927EFA007E6EC3 /* Main.storyboard in Resources */ = {isa = PBXBuildFile; fileRef = C3427AE324927EFA007E6EC3 /* Main.storyboard */; };
		C3427AF124927EFA007E6EC3 /* HARTS_StudentTests.swift in Sources */ = {isa = PBXBuildFile; fileRef = C3427AF024927EFA007E6EC3 /* HARTS_StudentTests.swift */; };
		C3427AFC24927EFA007E6EC3 /* HARTS_StudentUITests.swift in Sources */ = {isa = PBXBuildFile; fileRef = C3427AFB24927EFA007E6EC3 /* HARTS_StudentUITests.swift */; };
		C3427B0D24927F4E007E6EC3 /* GraphicComponents.swift in Sources */ = {isa = PBXBuildFile; fileRef = C3427B0924927F4E007E6EC3 /* GraphicComponents.swift */; };
		C3427B0E24927F4E007E6EC3 /* NSSwiftUtils.swift in Sources */ = {isa = PBXBuildFile; fileRef = C3427B0A24927F4E007E6EC3 /* NSSwiftUtils.swift */; };
		C3427B0F24927F4E007E6EC3 /* AES256CBC.swift in Sources */ = {isa = PBXBuildFile; fileRef = C3427B0B24927F4E007E6EC3 /* AES256CBC.swift */; };
/* End PBXBuildFile section */

/* Begin PBXContainerItemProxy section */
		C3427AED24927EFA007E6EC3 /* PBXContainerItemProxy */ = {
			isa = PBXContainerItemProxy;
			containerPortal = C3427AD224927EF8007E6EC3 /* Project object */;
			proxyType = 1;
			remoteGlobalIDString = C3427AD924927EF8007E6EC3;
			remoteInfo = "HARTS Student";
		};
		C3427AF824927EFA007E6EC3 /* PBXContainerItemProxy */ = {
			isa = PBXContainerItemProxy;
			containerPortal = C3427AD224927EF8007E6EC3 /* Project object */;
			proxyType = 1;
			remoteGlobalIDString = C3427AD924927EF8007E6EC3;
			remoteInfo = "HARTS Student";
		};
/* End PBXContainerItemProxy section */

/* Begin PBXFileReference section */
		C3427ADA24927EF8007E6EC3 /* HARTS Student.app */ = {isa = PBXFileReference; explicitFileType = wrapper.application; includeInIndex = 0; path = "HARTS Student.app"; sourceTree = BUILT_PRODUCTS_DIR; };
		C3427ADD24927EF8007E6EC3 /* AppDelegate.swift */ = {isa = PBXFileReference; lastKnownFileType = sourcecode.swift; path = AppDelegate.swift; sourceTree = "<group>"; };
		C3427ADF24927EF8007E6EC3 /* ViewController.swift */ = {isa = PBXFileReference; lastKnownFileType = sourcecode.swift; path = ViewController.swift; sourceTree = "<group>"; };
		C3427AE124927EFA007E6EC3 /* Assets.xcassets */ = {isa = PBXFileReference; lastKnownFileType = folder.assetcatalog; path = Assets.xcassets; sourceTree = "<group>"; };
		C3427AE424927EFA007E6EC3 /* Base */ = {isa = PBXFileReference; lastKnownFileType = file.storyboard; name = Base; path = Base.lproj/Main.storyboard; sourceTree = "<group>"; };
		C3427AE624927EFA007E6EC3 /* Info.plist */ = {isa = PBXFileReference; lastKnownFileType = text.plist.xml; path = Info.plist; sourceTree = "<group>"; };
		C3427AE724927EFA007E6EC3 /* HARTS_Student.entitlements */ = {isa = PBXFileReference; lastKnownFileType = text.plist.entitlements; path = HARTS_Student.entitlements; sourceTree = "<group>"; };
		C3427AEC24927EFA007E6EC3 /* HARTS StudentTests.xctest */ = {isa = PBXFileReference; explicitFileType = wrapper.cfbundle; includeInIndex = 0; path = "HARTS StudentTests.xctest"; sourceTree = BUILT_PRODUCTS_DIR; };
		C3427AF024927EFA007E6EC3 /* HARTS_StudentTests.swift */ = {isa = PBXFileReference; lastKnownFileType = sourcecode.swift; path = HARTS_StudentTests.swift; sourceTree = "<group>"; };
		C3427AF224927EFA007E6EC3 /* Info.plist */ = {isa = PBXFileReference; lastKnownFileType = text.plist.xml; path = Info.plist; sourceTree = "<group>"; };
		C3427AF724927EFA007E6EC3 /* HARTS StudentUITests.xctest */ = {isa = PBXFileReference; explicitFileType = wrapper.cfbundle; includeInIndex = 0; path = "HARTS StudentUITests.xctest"; sourceTree = BUILT_PRODUCTS_DIR; };
		C3427AFB24927EFA007E6EC3 /* HARTS_StudentUITests.swift */ = {isa = PBXFileReference; lastKnownFileType = sourcecode.swift; path = HARTS_StudentUITests.swift; sourceTree = "<group>"; };
		C3427AFD24927EFA007E6EC3 /* Info.plist */ = {isa = PBXFileReference; lastKnownFileType = text.plist.xml; path = Info.plist; sourceTree = "<group>"; };
		C3427B0924927F4E007E6EC3 /* GraphicComponents.swift */ = {isa = PBXFileReference; fileEncoding = 4; lastKnownFileType = sourcecode.swift; name = GraphicComponents.swift; path = "../../../macOS/Swift/Swift-CoreLevelCompatibilityLayer/GraphicComponents.swift"; sourceTree = "<group>"; };
		C3427B0A24927F4E007E6EC3 /* NSSwiftUtils.swift */ = {isa = PBXFileReference; fileEncoding = 4; lastKnownFileType = sourcecode.swift; name = NSSwiftUtils.swift; path = "../../../macOS/Swift/Swift-CoreLevelCompatibilityLayer/NSSwiftUtils.swift"; sourceTree = "<group>"; };
		C3427B0B24927F4E007E6EC3 /* AES256CBC.swift */ = {isa = PBXFileReference; fileEncoding = 4; lastKnownFileType = sourcecode.swift; name = AES256CBC.swift; path = "../../../macOS/Swift/Swift-CoreLevelCompatibilityLayer/AES256CBC.swift"; sourceTree = "<group>"; };
/* End PBXFileReference section */

/* Begin PBXFrameworksBuildPhase section */
		C3427AD724927EF8007E6EC3 /* Frameworks */ = {
			isa = PBXFrameworksBuildPhase;
			buildActionMask = 2147483647;
			files = (
			);
			runOnlyForDeploymentPostprocessing = 0;
		};
		C3427AE924927EFA007E6EC3 /* Frameworks */ = {
			isa = PBXFrameworksBuildPhase;
			buildActionMask = 2147483647;
			files = (
			);
			runOnlyForDeploymentPostprocessing = 0;
		};
		C3427AF424927EFA007E6EC3 /* Frameworks */ = {
			isa = PBXFrameworksBuildPhase;
			buildActionMask = 2147483647;
			files = (
			);
			runOnlyForDeploymentPostprocessing = 0;
		};
/* End PBXFrameworksBuildPhase section */

/* Begin PBXGroup section */
		C3427AD124927EF8007E6EC3 = {
			isa = PBXGroup;
			children = (
				C3427ADC24927EF8007E6EC3 /* HARTS Student */,
				C3427AEF24927EFA007E6EC3 /* HARTS StudentTests */,
				C3427AFA24927EFA007E6EC3 /* HARTS StudentUITests */,
				C3427ADB24927EF8007E6EC3 /* Products */,
			);
			sourceTree = "<group>";
		};
		C3427ADB24927EF8007E6EC3 /* Products */ = {
			isa = PBXGroup;
			children = (
				C3427ADA24927EF8007E6EC3 /* HARTS Student.app */,
				C3427AEC24927EFA007E6EC3 /* HARTS StudentTests.xctest */,
				C3427AF724927EFA007E6EC3 /* HARTS StudentUITests.xctest */,
			);
			name = Products;
			sourceTree = "<group>";
		};
		C3427ADC24927EF8007E6EC3 /* HARTS Student */ = {
			isa = PBXGroup;
			children = (
				C3427ADD24927EF8007E6EC3 /* AppDelegate.swift */,
				C3427ADF24927EF8007E6EC3 /* ViewController.swift */,
				C3427B0B24927F4E007E6EC3 /* AES256CBC.swift */,
				C3427B0924927F4E007E6EC3 /* GraphicComponents.swift */,
				C3427B0A24927F4E007E6EC3 /* NSSwiftUtils.swift */,
				C3427AE124927EFA007E6EC3 /* Assets.xcassets */,
				C3427AE324927EFA007E6EC3 /* Main.storyboard */,
				C3427AE624927EFA007E6EC3 /* Info.plist */,
				C3427AE724927EFA007E6EC3 /* HARTS_Student.entitlements */,
			);
			path = "HARTS Student";
			sourceTree = "<group>";
		};
		C3427AEF24927EFA007E6EC3 /* HARTS StudentTests */ = {
			isa = PBXGroup;
			children = (
				C3427AF024927EFA007E6EC3 /* HARTS_StudentTests.swift */,
				C3427AF224927EFA007E6EC3 /* Info.plist */,
			);
			path = "HARTS StudentTests";
			sourceTree = "<group>";
		};
		C3427AFA24927EFA007E6EC3 /* HARTS StudentUITests */ = {
			isa = PBXGroup;
			children = (
				C3427AFB24927EFA007E6EC3 /* HARTS_StudentUITests.swift */,
				C3427AFD24927EFA007E6EC3 /* Info.plist */,
			);
			path = "HARTS StudentUITests";
			sourceTree = "<group>";
		};
/* End PBXGroup section */

/* Begin PBXNativeTarget section */
		C3427AD924927EF8007E6EC3 /* HARTS Student */ = {
			isa = PBXNativeTarget;
			buildConfigurationList = C3427B0024927EFA007E6EC3 /* Build configuration list for PBXNativeTarget "HARTS Student" */;
			buildPhases = (
				C3427AD624927EF8007E6EC3 /* Sources */,
				C3427AD724927EF8007E6EC3 /* Frameworks */,
				C3427AD824927EF8007E6EC3 /* Resources */,
			);
			buildRules = (
			);
			dependencies = (
			);
			name = "HARTS Student";
			productName = "HARTS Student";
			productReference = C3427ADA24927EF8007E6EC3 /* HARTS Student.app */;
			productType = "com.apple.product-type.application";
		};
		C3427AEB24927EFA007E6EC3 /* HARTS StudentTests */ = {
			isa = PBXNativeTarget;
			buildConfigurationList = C3427B0324927EFA007E6EC3 /* Build configuration list for PBXNativeTarget "HARTS StudentTests" */;
			buildPhases = (
				C3427AE824927EFA007E6EC3 /* Sources */,
				C3427AE924927EFA007E6EC3 /* Frameworks */,
				C3427AEA24927EFA007E6EC3 /* Resources */,
			);
			buildRules = (
			);
			dependencies = (
				C3427AEE24927EFA007E6EC3 /* PBXTargetDependency */,
			);
			name = "HARTS StudentTests";
			productName = "HARTS StudentTests";
			productReference = C3427AEC24927EFA007E6EC3 /* HARTS StudentTests.xctest */;
			productType = "com.apple.product-type.bundle.unit-test";
		};
		C3427AF624927EFA007E6EC3 /* HARTS StudentUITests */ = {
			isa = PBXNativeTarget;
			buildConfigurationList = C3427B0624927EFA007E6EC3 /* Build configuration list for PBXNativeTarget "HARTS StudentUITests" */;
			buildPhases = (
				C3427AF324927EFA007E6EC3 /* Sources */,
				C3427AF424927EFA007E6EC3 /* Frameworks */,
				C3427AF524927EFA007E6EC3 /* Resources */,
			);
			buildRules = (
			);
			dependencies = (
				C3427AF924927EFA007E6EC3 /* PBXTargetDependency */,
			);
			name = "HARTS StudentUITests";
			productName = "HARTS StudentUITests";
			productReference = C3427AF724927EFA007E6EC3 /* HARTS StudentUITests.xctest */;
			productType = "com.apple.product-type.bundle.ui-testing";
		};
/* End PBXNativeTarget section */

/* Begin PBXProject section */
		C3427AD224927EF8007E6EC3 /* Project object */ = {
			isa = PBXProject;
			attributes = {
				LastSwiftUpdateCheck = 1150;
				LastUpgradeCheck = 1150;
				ORGANIZATIONNAME = "Hoyoun Song";
				TargetAttributes = {
					C3427AD924927EF8007E6EC3 = {
						CreatedOnToolsVersion = 11.5;
					};
					C3427AEB24927EFA007E6EC3 = {
						CreatedOnToolsVersion = 11.5;
						TestTargetID = C3427AD924927EF8007E6EC3;
					};
					C3427AF624927EFA007E6EC3 = {
						CreatedOnToolsVersion = 11.5;
						TestTargetID = C3427AD924927EF8007E6EC3;
					};
				};
			};
			buildConfigurationList = C3427AD524927EF8007E6EC3 /* Build configuration list for PBXProject "HARTS Student" */;
			compatibilityVersion = "Xcode 9.3";
			developmentRegion = en;
			hasScannedForEncodings = 0;
			knownRegions = (
				en,
				Base,
			);
			mainGroup = C3427AD124927EF8007E6EC3;
			productRefGroup = C3427ADB24927EF8007E6EC3 /* Products */;
			projectDirPath = "";
			projectRoot = "";
			targets = (
				C3427AD924927EF8007E6EC3 /* HARTS Student */,
				C3427AEB24927EFA007E6EC3 /* HARTS StudentTests */,
				C3427AF624927EFA007E6EC3 /* HARTS StudentUITests */,
			);
		};
/* End PBXProject section */

/* Begin PBXResourcesBuildPhase section */
		C3427AD824927EF8007E6EC3 /* Resources */ = {
			isa = PBXResourcesBuildPhase;
			buildActionMask = 2147483647;
			files = (
				C3427AE224927EFA007E6EC3 /* Assets.xcassets in Resources */,
				C3427AE524927EFA007E6EC3 /* Main.storyboard in Resources */,
			);
			runOnlyForDeploymentPostprocessing = 0;
		};
		C3427AEA24927EFA007E6EC3 /* Resources */ = {
			isa = PBXResourcesBuildPhase;
			buildActionMask = 2147483647;
			files = (
			);
			runOnlyForDeploymentPostprocessing = 0;
		};
		C3427AF524927EFA007E6EC3 /* Resources */ = {
			isa = PBXResourcesBuildPhase;
			buildActionMask = 2147483647;
			files = (
			);
			runOnlyForDeploymentPostprocessing = 0;
		};
/* End PBXResourcesBuildPhase section */

/* Begin PBXSourcesBuildPhase section */
		C3427AD624927EF8007E6EC3 /* Sources */ = {
			isa = PBXSourcesBuildPhase;
			buildActionMask = 2147483647;
			files = (
				C3427B0E24927F4E007E6EC3 /* NSSwiftUtils.swift in Sources */,
				C3427AE024927EF8007E6EC3 /* ViewController.swift in Sources */,
				C3427B0F24927F4E007E6EC3 /* AES256CBC.swift in Sources */,
				C3427B0D24927F4E007E6EC3 /* GraphicComponents.swift in Sources */,
				C3427ADE24927EF8007E6EC3 /* AppDelegate.swift in Sources */,
			);
			runOnlyForDeploymentPostprocessing = 0;
		};
		C3427AE824927EFA007E6EC3 /* Sources */ = {
			isa = PBXSourcesBuildPhase;
			buildActionMask = 2147483647;
			files = (
				C3427AF124927EFA007E6EC3 /* HARTS_StudentTests.swift in Sources */,
			);
			runOnlyForDeploymentPostprocessing = 0;
		};
		C3427AF324927EFA007E6EC3 /* Sources */ = {
			isa = PBXSourcesBuildPhase;
			buildActionMask = 2147483647;
			files = (
				C3427AFC24927EFA007E6EC3 /* HARTS_StudentUITests.swift in Sources */,
			);
			runOnlyForDeploymentPostprocessing = 0;
		};
/* End PBXSourcesBuildPhase section */

/* Begin PBXTargetDependency section */
		C3427AEE24927EFA007E6EC3 /* PBXTargetDependency */ = {
			isa = PBXTargetDependency;
			target = C3427AD924927EF8007E6EC3 /* HARTS Student */;
			targetProxy = C3427AED24927EFA007E6EC3 /* PBXContainerItemProxy */;
		};
		C3427AF924927EFA007E6EC3 /* PBXTargetDependency */ = {
			isa = PBXTargetDependency;
			target = C3427AD924927EF8007E6EC3 /* HARTS Student */;
			targetProxy = C3427AF824927EFA007E6EC3 /* PBXContainerItemProxy */;
		};
/* End PBXTargetDependency section */

/* Begin PBXVariantGroup section */
		C3427AE324927EFA007E6EC3 /* Main.storyboard */ = {
			isa = PBXVariantGroup;
			children = (
				C3427AE424927EFA007E6EC3 /* Base */,
			);
			name = Main.storyboard;
			sourceTree = "<group>";
		};
/* End PBXVariantGroup section */

/* Begin XCBuildConfiguration section */
		C3427AFE24927EFA007E6EC3 /* Debug */ = {
			isa = XCBuildConfiguration;
			buildSettings = {
				ALWAYS_SEARCH_USER_PATHS = NO;
				CLANG_ANALYZER_NONNULL = YES;
				CLANG_ANALYZER_NUMBER_OBJECT_CONVERSION = YES_AGGRESSIVE;
				CLANG_CXX_LANGUAGE_STANDARD = "gnu++14";
				CLANG_CXX_LIBRARY = "libc++";
				CLANG_ENABLE_MODULES = YES;
				CLANG_ENABLE_OBJC_ARC = YES;
				CLANG_ENABLE_OBJC_WEAK = YES;
				CLANG_WARN_BLOCK_CAPTURE_AUTORELEASING = YES;
				CLANG_WARN_BOOL_CONVERSION = YES;
				CLANG_WARN_COMMA = YES;
				CLANG_WARN_CONSTANT_CONVERSION = YES;
				CLANG_WARN_DEPRECATED_OBJC_IMPLEMENTATIONS = YES;
				CLANG_WARN_DIRECT_OBJC_ISA_USAGE = YES_ERROR;
				CLANG_WARN_DOCUMENTATION_COMMENTS = YES;
				CLANG_WARN_EMPTY_BODY = YES;
				CLANG_WARN_ENUM_CONVERSION = YES;
				CLANG_WARN_INFINITE_RECURSION = YES;
				CLANG_WARN_INT_CONVERSION = YES;
				CLANG_WARN_NON_LITERAL_NULL_CONVERSION = YES;
				CLANG_WARN_OBJC_IMPLICIT_RETAIN_SELF = YES;
				CLANG_WARN_OBJC_LITERAL_CONVERSION = YES;
				CLANG_WARN_OBJC_ROOT_CLASS = YES_ERROR;
				CLANG_WARN_RANGE_LOOP_ANALYSIS = YES;
				CLANG_WARN_STRICT_PROTOTYPES = YES;
				CLANG_WARN_SUSPICIOUS_MOVE = YES;
				CLANG_WARN_UNGUARDED_AVAILABILITY = YES_AGGRESSIVE;
				CLANG_WARN_UNREACHABLE_CODE = YES;
				CLANG_WARN__DUPLICATE_METHOD_MATCH = YES;
				COPY_PHASE_STRIP = NO;
				DEBUG_INFORMATION_FORMAT = dwarf;
				ENABLE_STRICT_OBJC_MSGSEND = YES;
				ENABLE_TESTABILITY = YES;
				GCC_C_LANGUAGE_STANDARD = gnu11;
				GCC_DYNAMIC_NO_PIC = NO;
				GCC_NO_COMMON_BLOCKS = YES;
				GCC_OPTIMIZATION_LEVEL = 0;
				GCC_PREPROCESSOR_DEFINITIONS = (
					"DEBUG=1",
					"$(inherited)",
				);
				GCC_WARN_64_TO_32_BIT_CONVERSION = YES;
				GCC_WARN_ABOUT_RETURN_TYPE = YES_ERROR;
				GCC_WARN_UNDECLARED_SELECTOR = YES;
				GCC_WARN_UNINITIALIZED_AUTOS = YES_AGGRESSIVE;
				GCC_WARN_UNUSED_FUNCTION = YES;
				GCC_WARN_UNUSED_VARIABLE = YES;
				MACOSX_DEPLOYMENT_TARGET = 10.14;
				MTL_ENABLE_DEBUG_INFO = INCLUDE_SOURCE;
				MTL_FAST_MATH = YES;
				ONLY_ACTIVE_ARCH = YES;
				SDKROOT = macosx;
				SWIFT_ACTIVE_COMPILATION_CONDITIONS = DEBUG;
				SWIFT_OPTIMIZATION_LEVEL = "-Onone";
			};
			name = Debug;
		};
		C3427AFF24927EFA007E6EC3 /* Release */ = {
			isa = XCBuildConfiguration;
			buildSettings = {
				ALWAYS_SEARCH_USER_PATHS = NO;
				CLANG_ANALYZER_NONNULL = YES;
				CLANG_ANALYZER_NUMBER_OBJECT_CONVERSION = YES_AGGRESSIVE;
				CLANG_CXX_LANGUAGE_STANDARD = "gnu++14";
				CLANG_CXX_LIBRARY = "libc++";
				CLANG_ENABLE_MODULES = YES;
				CLANG_ENABLE_OBJC_ARC = YES;
				CLANG_ENABLE_OBJC_WEAK = YES;
				CLANG_WARN_BLOCK_CAPTURE_AUTORELEASING = YES;
				CLANG_WARN_BOOL_CONVERSION = YES;
				CLANG_WARN_COMMA = YES;
				CLANG_WARN_CONSTANT_CONVERSION = YES;
				CLANG_WARN_DEPRECATED_OBJC_IMPLEMENTATIONS = YES;
				CLANG_WARN_DIRECT_OBJC_ISA_USAGE = YES_ERROR;
				CLANG_WARN_DOCUMENTATION_COMMENTS = YES;
				CLANG_WARN_EMPTY_BODY = YES;
				CLANG_WARN_ENUM_CONVERSION = YES;
				CLANG_WARN_INFINITE_RECURSION = YES;
				CLANG_WARN_INT_CONVERSION = YES;
				CLANG_WARN_NON_LITERAL_NULL_CONVERSION = YES;
				CLANG_WARN_OBJC_IMPLICIT_RETAIN_SELF = YES;
				CLANG_WARN_OBJC_LITERAL_CONVERSION = YES;
				CLANG_WARN_OBJC_ROOT_CLASS = YES_ERROR;
				CLANG_WARN_RANGE_LOOP_ANALYSIS = YES;
				CLANG_WARN_STRICT_PROTOTYPES = YES;
				CLANG_WARN_SUSPICIOUS_MOVE = YES;
				CLANG_WARN_UNGUARDED_AVAILABILITY = YES_AGGRESSIVE;
				CLANG_WARN_UNREACHABLE_CODE = YES;
				CLANG_WARN__DUPLICATE_METHOD_MATCH = YES;
				COPY_PHASE_STRIP = NO;
				DEBUG_INFORMATION_FORMAT = "dwarf-with-dsym";
				ENABLE_NS_ASSERTIONS = NO;
				ENABLE_STRICT_OBJC_MSGSEND = YES;
				GCC_C_LANGUAGE_STANDARD = gnu11;
				GCC_NO_COMMON_BLOCKS = YES;
				GCC_WARN_64_TO_32_BIT_CONVERSION = YES;
				GCC_WARN_ABOUT_RETURN_TYPE = YES_ERROR;
				GCC_WARN_UNDECLARED_SELECTOR = YES;
				GCC_WARN_UNINITIALIZED_AUTOS = YES_AGGRESSIVE;
				GCC_WARN_UNUSED_FUNCTION = YES;
				GCC_WARN_UNUSED_VARIABLE = YES;
				MACOSX_DEPLOYMENT_TARGET = 10.14;
				MTL_ENABLE_DEBUG_INFO = NO;
				MTL_FAST_MATH = YES;
				SDKROOT = macosx;
				SWIFT_COMPILATION_MODE = wholemodule;
				SWIFT_OPTIMIZATION_LEVEL = "-O";
			};
			name = Release;
		};
		C3427B0124927EFA007E6EC3 /* Debug */ = {
			isa = XCBuildConfiguration;
			buildSettings = {
				ASSETCATALOG_COMPILER_APPICON_NAME = AppIcon;
				CODE_SIGN_ENTITLEMENTS = "HARTS Student/HARTS_Student.entitlements";
				CODE_SIGN_STYLE = Automatic;
				COMBINE_HIDPI_IMAGES = YES;
				DEVELOPMENT_TEAM = G9A6PS8AA7;
				ENABLE_HARDENED_RUNTIME = YES;
				INFOPLIST_FILE = "HARTS Student/Info.plist";
				LD_RUNPATH_SEARCH_PATHS = (
					"$(inherited)",
					"@executable_path/../Frameworks",
				);
				MACOSX_DEPLOYMENT_TARGET = 10.14;
				PRODUCT_BUNDLE_IDENTIFIER = "org.harts.HARTS-Student";
				PRODUCT_NAME = "$(TARGET_NAME)";
				SWIFT_VERSION = 5.0;
			};
			name = Debug;
		};
		C3427B0224927EFA007E6EC3 /* Release */ = {
			isa = XCBuildConfiguration;
			buildSettings = {
				ASSETCATALOG_COMPILER_APPICON_NAME = AppIcon;
				CODE_SIGN_ENTITLEMENTS = "HARTS Student/HARTS_Student.entitlements";
				CODE_SIGN_STYLE = Automatic;
				COMBINE_HIDPI_IMAGES = YES;
				DEVELOPMENT_TEAM = G9A6PS8AA7;
				ENABLE_HARDENED_RUNTIME = YES;
				INFOPLIST_FILE = "HARTS Student/Info.plist";
				LD_RUNPATH_SEARCH_PATHS = (
					"$(inherited)",
					"@executable_path/../Frameworks",
				);
				MACOSX_DEPLOYMENT_TARGET = 10.14;
				PRODUCT_BUNDLE_IDENTIFIER = "org.harts.HARTS-Student";
				PRODUCT_NAME = "$(TARGET_NAME)";
				SWIFT_VERSION = 5.0;
			};
			name = Release;
		};
		C3427B0424927EFA007E6EC3 /* Debug */ = {
			isa = XCBuildConfiguration;
			buildSettings = {
				ALWAYS_EMBED_SWIFT_STANDARD_LIBRARIES = YES;
				BUNDLE_LOADER = "$(TEST_HOST)";
				CODE_SIGN_STYLE = Automatic;
				COMBINE_HIDPI_IMAGES = YES;
				DEVELOPMENT_TEAM = G9A6PS8AA7;
				INFOPLIST_FILE = "HARTS StudentTests/Info.plist";
				LD_RUNPATH_SEARCH_PATHS = (
					"$(inherited)",
					"@executable_path/../Frameworks",
					"@loader_path/../Frameworks",
				);
				MACOSX_DEPLOYMENT_TARGET = 10.15;
				PRODUCT_BUNDLE_IDENTIFIER = "org.harts.HARTS-StudentTests";
				PRODUCT_NAME = "$(TARGET_NAME)";
				SWIFT_VERSION = 5.0;
				TEST_HOST = "$(BUILT_PRODUCTS_DIR)/HARTS Student.app/Contents/MacOS/HARTS Student";
			};
			name = Debug;
		};
		C3427B0524927EFA007E6EC3 /* Release */ = {
			isa = XCBuildConfiguration;
			buildSettings = {
				ALWAYS_EMBED_SWIFT_STANDARD_LIBRARIES = YES;
				BUNDLE_LOADER = "$(TEST_HOST)";
				CODE_SIGN_STYLE = Automatic;
				COMBINE_HIDPI_IMAGES = YES;
				DEVELOPMENT_TEAM = G9A6PS8AA7;
				INFOPLIST_FILE = "HARTS StudentTests/Info.plist";
				LD_RUNPATH_SEARCH_PATHS = (
					"$(inherited)",
					"@executable_path/../Frameworks",
					"@loader_path/../Frameworks",
				);
				MACOSX_DEPLOYMENT_TARGET = 10.15;
				PRODUCT_BUNDLE_IDENTIFIER = "org.harts.HARTS-StudentTests";
				PRODUCT_NAME = "$(TARGET_NAME)";
				SWIFT_VERSION = 5.0;
				TEST_HOST = "$(BUILT_PRODUCTS_DIR)/HARTS Student.app/Contents/MacOS/HARTS Student";
			};
			name = Release;
		};
		C3427B0724927EFA007E6EC3 /* Debug */ = {
			isa = XCBuildConfiguration;
			buildSettings = {
				ALWAYS_EMBED_SWIFT_STANDARD_LIBRARIES = YES;
				CODE_SIGN_STYLE = Automatic;
				COMBINE_HIDPI_IMAGES = YES;
				DEVELOPMENT_TEAM = G9A6PS8AA7;
				INFOPLIST_FILE = "HARTS StudentUITests/Info.plist";
				LD_RUNPATH_SEARCH_PATHS = (
					"$(inherited)",
					"@executable_path/../Frameworks",
					"@loader_path/../Frameworks",
				);
				PRODUCT_BUNDLE_IDENTIFIER = "org.harts.HARTS-StudentUITests";
				PRODUCT_NAME = "$(TARGET_NAME)";
				SWIFT_VERSION = 5.0;
				TEST_TARGET_NAME = "HARTS Student";
			};
			name = Debug;
		};
		C3427B0824927EFA007E6EC3 /* Release */ = {
			isa = XCBuildConfiguration;
			buildSettings = {
				ALWAYS_EMBED_SWIFT_STANDARD_LIBRARIES = YES;
				CODE_SIGN_STYLE = Automatic;
				COMBINE_HIDPI_IMAGES = YES;
				DEVELOPMENT_TEAM = G9A6PS8AA7;
				INFOPLIST_FILE = "HARTS StudentUITests/Info.plist";
				LD_RUNPATH_SEARCH_PATHS = (
					"$(inherited)",
					"@executable_path/../Frameworks",
					"@loader_path/../Frameworks",
				);
				PRODUCT_BUNDLE_IDENTIFIER = "org.harts.HARTS-StudentUITests";
				PRODUCT_NAME = "$(TARGET_NAME)";
				SWIFT_VERSION = 5.0;
				TEST_TARGET_NAME = "HARTS Student";
			};
			name = Release;
		};
/* End XCBuildConfiguration section */

/* Begin XCConfigurationList section */
		C3427AD524927EF8007E6EC3 /* Build configuration list for PBXProject "HARTS Student" */ = {
			isa = XCConfigurationList;
			buildConfigurations = (
				C3427AFE24927EFA007E6EC3 /* Debug */,
				C3427AFF24927EFA007E6EC3 /* Release */,
			);
			defaultConfigurationIsVisible = 0;
			defaultConfigurationName = Release;
		};
		C3427B0024927EFA007E6EC3 /* Build configuration list for PBXNativeTarget "HARTS Student" */ = {
			isa = XCConfigurationList;
			buildConfigurations = (
				C3427B0124927EFA007E6EC3 /* Debug */,
				C3427B0224927EFA007E6EC3 /* Release */,
			);
			defaultConfigurationIsVisible = 0;
			defaultConfigurationName = Release;
		};
		C3427B0324927EFA007E6EC3 /* Build configuration list for PBXNativeTarget "HARTS StudentTests" */ = {
			isa = XCConfigurationList;
			buildConfigurations = (
				C3427B0424927EFA007E6EC3 /* Debug */,
				C3427B0524927EFA007E6EC3 /* Release */,
			);
			defaultConfigurationIsVisible = 0;
			defaultConfigurationName = Release;
		};
		C3427B0624927EFA007E6EC3 /* Build configuration list for PBXNativeTarget "HARTS StudentUITests" */ = {
			isa = XCConfigurationList;
			buildConfigurations = (
				C3427B0724927EFA007E6EC3 /* Debug */,
				C3427B0824927EFA007E6EC3 /* Release */,
			);
			defaultConfigurationIsVisible = 0;
			defaultConfigurationName = Release;
		};
/* End XCConfigurationList section */
	};
	rootObject = C3427AD224927EF8007E6EC3 /* Project object */;
}
