// !$*UTF8*$!
{
	archiveVersion = 1;
	classes = {
	};
	objectVersion = 50;
	objects = {

/* Begin PBXBuildFile section */
		C35EB69524C161EE00A9E4F1 /* AppDelegate.swift in Sources */ = {isa = PBXBuildFile; fileRef = C35EB69424C161EE00A9E4F1 /* AppDelegate.swift */; };
		C35EB69724C161EE00A9E4F1 /* ViewController.swift in Sources */ = {isa = PBXBuildFile; fileRef = C35EB69624C161EE00A9E4F1 /* ViewController.swift */; };
		C35EB69924C161EF00A9E4F1 /* Assets.xcassets in Resources */ = {isa = PBXBuildFile; fileRef = C35EB69824C161EF00A9E4F1 /* Assets.xcassets */; };
		C35EB69C24C161EF00A9E4F1 /* Main.storyboard in Resources */ = {isa = PBXBuildFile; fileRef = C35EB69A24C161EF00A9E4F1 /* Main.storyboard */; };
		C35EB6A824C161EF00A9E4F1 /* HARTS_LauncherTests.swift in Sources */ = {isa = PBXBuildFile; fileRef = C35EB6A724C161EF00A9E4F1 /* HARTS_LauncherTests.swift */; };
		C35EB6B324C161EF00A9E4F1 /* HARTS_LauncherUITests.swift in Sources */ = {isa = PBXBuildFile; fileRef = C35EB6B224C161EF00A9E4F1 /* HARTS_LauncherUITests.swift */; };
		C35EB6C724C1660F00A9E4F1 /* async-start in Resources */ = {isa = PBXBuildFile; fileRef = C35EB6C524C1660F00A9E4F1 /* async-start */; };
		C35EB6C824C1660F00A9E4F1 /* shasum in Resources */ = {isa = PBXBuildFile; fileRef = C35EB6C624C1660F00A9E4F1 /* shasum */; };
		C35EB6C924C1663100A9E4F1 /* venv.dmg in Resources */ = {isa = PBXBuildFile; fileRef = C35EB6C424C164D800A9E4F1 /* venv.dmg */; };
		C3F7802B24C7C25300108F1B /* NSStaticSwiftUtils.swift in Sources */ = {isa = PBXBuildFile; fileRef = C3F7802924C7C25300108F1B /* NSStaticSwiftUtils.swift */; };
		C3F7802C24C7C25300108F1B /* GraphicComponents.swift in Sources */ = {isa = PBXBuildFile; fileRef = C3F7802A24C7C25300108F1B /* GraphicComponents.swift */; };
/* End PBXBuildFile section */

/* Begin PBXContainerItemProxy section */
		C35EB6A424C161EF00A9E4F1 /* PBXContainerItemProxy */ = {
			isa = PBXContainerItemProxy;
			containerPortal = C35EB68924C161EE00A9E4F1 /* Project object */;
			proxyType = 1;
			remoteGlobalIDString = C35EB69024C161EE00A9E4F1;
			remoteInfo = "HARTS Launcher";
		};
		C35EB6AF24C161EF00A9E4F1 /* PBXContainerItemProxy */ = {
			isa = PBXContainerItemProxy;
			containerPortal = C35EB68924C161EE00A9E4F1 /* Project object */;
			proxyType = 1;
			remoteGlobalIDString = C35EB69024C161EE00A9E4F1;
			remoteInfo = "HARTS Launcher";
		};
/* End PBXContainerItemProxy section */

/* Begin PBXFileReference section */
		C35EB69124C161EE00A9E4F1 /* HARTS Launcher.app */ = {isa = PBXFileReference; explicitFileType = wrapper.application; includeInIndex = 0; path = "HARTS Launcher.app"; sourceTree = BUILT_PRODUCTS_DIR; };
		C35EB69424C161EE00A9E4F1 /* AppDelegate.swift */ = {isa = PBXFileReference; lastKnownFileType = sourcecode.swift; path = AppDelegate.swift; sourceTree = "<group>"; };
		C35EB69624C161EE00A9E4F1 /* ViewController.swift */ = {isa = PBXFileReference; lastKnownFileType = sourcecode.swift; path = ViewController.swift; sourceTree = "<group>"; };
		C35EB69824C161EF00A9E4F1 /* Assets.xcassets */ = {isa = PBXFileReference; lastKnownFileType = folder.assetcatalog; path = Assets.xcassets; sourceTree = "<group>"; };
		C35EB69B24C161EF00A9E4F1 /* Base */ = {isa = PBXFileReference; lastKnownFileType = file.storyboard; name = Base; path = Base.lproj/Main.storyboard; sourceTree = "<group>"; };
		C35EB69D24C161EF00A9E4F1 /* Info.plist */ = {isa = PBXFileReference; lastKnownFileType = text.plist.xml; path = Info.plist; sourceTree = "<group>"; };
		C35EB69E24C161EF00A9E4F1 /* HARTS_Launcher.entitlements */ = {isa = PBXFileReference; lastKnownFileType = text.plist.entitlements; path = HARTS_Launcher.entitlements; sourceTree = "<group>"; };
		C35EB6A324C161EF00A9E4F1 /* HARTS LauncherTests.xctest */ = {isa = PBXFileReference; explicitFileType = wrapper.cfbundle; includeInIndex = 0; path = "HARTS LauncherTests.xctest"; sourceTree = BUILT_PRODUCTS_DIR; };
		C35EB6A724C161EF00A9E4F1 /* HARTS_LauncherTests.swift */ = {isa = PBXFileReference; lastKnownFileType = sourcecode.swift; path = HARTS_LauncherTests.swift; sourceTree = "<group>"; };
		C35EB6A924C161EF00A9E4F1 /* Info.plist */ = {isa = PBXFileReference; lastKnownFileType = text.plist.xml; path = Info.plist; sourceTree = "<group>"; };
		C35EB6AE24C161EF00A9E4F1 /* HARTS LauncherUITests.xctest */ = {isa = PBXFileReference; explicitFileType = wrapper.cfbundle; includeInIndex = 0; path = "HARTS LauncherUITests.xctest"; sourceTree = BUILT_PRODUCTS_DIR; };
		C35EB6B224C161EF00A9E4F1 /* HARTS_LauncherUITests.swift */ = {isa = PBXFileReference; lastKnownFileType = sourcecode.swift; path = HARTS_LauncherUITests.swift; sourceTree = "<group>"; };
		C35EB6B424C161EF00A9E4F1 /* Info.plist */ = {isa = PBXFileReference; lastKnownFileType = text.plist.xml; path = Info.plist; sourceTree = "<group>"; };
		C35EB6C424C164D800A9E4F1 /* venv.dmg */ = {isa = PBXFileReference; lastKnownFileType = file; path = venv.dmg; sourceTree = "<group>"; };
		C35EB6C524C1660F00A9E4F1 /* async-start */ = {isa = PBXFileReference; lastKnownFileType = "compiled.mach-o.executable"; path = "async-start"; sourceTree = "<group>"; };
		C35EB6C624C1660F00A9E4F1 /* shasum */ = {isa = PBXFileReference; lastKnownFileType = "compiled.mach-o.executable"; path = shasum; sourceTree = "<group>"; };
		C3F7802924C7C25300108F1B /* NSStaticSwiftUtils.swift */ = {isa = PBXFileReference; fileEncoding = 4; lastKnownFileType = sourcecode.swift; path = NSStaticSwiftUtils.swift; sourceTree = "<group>"; };
		C3F7802A24C7C25300108F1B /* GraphicComponents.swift */ = {isa = PBXFileReference; fileEncoding = 4; lastKnownFileType = sourcecode.swift; path = GraphicComponents.swift; sourceTree = "<group>"; };
/* End PBXFileReference section */

/* Begin PBXFrameworksBuildPhase section */
		C35EB68E24C161EE00A9E4F1 /* Frameworks */ = {
			isa = PBXFrameworksBuildPhase;
			buildActionMask = 2147483647;
			files = (
			);
			runOnlyForDeploymentPostprocessing = 0;
		};
		C35EB6A024C161EF00A9E4F1 /* Frameworks */ = {
			isa = PBXFrameworksBuildPhase;
			buildActionMask = 2147483647;
			files = (
			);
			runOnlyForDeploymentPostprocessing = 0;
		};
		C35EB6AB24C161EF00A9E4F1 /* Frameworks */ = {
			isa = PBXFrameworksBuildPhase;
			buildActionMask = 2147483647;
			files = (
			);
			runOnlyForDeploymentPostprocessing = 0;
		};
/* End PBXFrameworksBuildPhase section */

/* Begin PBXGroup section */
		C35EB68824C161EE00A9E4F1 = {
			isa = PBXGroup;
			children = (
				C35EB6C524C1660F00A9E4F1 /* async-start */,
				C35EB6C624C1660F00A9E4F1 /* shasum */,
				C35EB6C424C164D800A9E4F1 /* venv.dmg */,
				C35EB69324C161EE00A9E4F1 /* HARTS Launcher */,
				C35EB6A624C161EF00A9E4F1 /* HARTS LauncherTests */,
				C35EB6B124C161EF00A9E4F1 /* HARTS LauncherUITests */,
				C35EB69224C161EE00A9E4F1 /* Products */,
			);
			sourceTree = "<group>";
		};
		C35EB69224C161EE00A9E4F1 /* Products */ = {
			isa = PBXGroup;
			children = (
				C35EB69124C161EE00A9E4F1 /* HARTS Launcher.app */,
				C35EB6A324C161EF00A9E4F1 /* HARTS LauncherTests.xctest */,
				C35EB6AE24C161EF00A9E4F1 /* HARTS LauncherUITests.xctest */,
			);
			name = Products;
			sourceTree = "<group>";
		};
		C35EB69324C161EE00A9E4F1 /* HARTS Launcher */ = {
			isa = PBXGroup;
			children = (
				C35EB69424C161EE00A9E4F1 /* AppDelegate.swift */,
				C3F7802A24C7C25300108F1B /* GraphicComponents.swift */,
				C3F7802924C7C25300108F1B /* NSStaticSwiftUtils.swift */,
				C35EB69624C161EE00A9E4F1 /* ViewController.swift */,
				C35EB69824C161EF00A9E4F1 /* Assets.xcassets */,
				C35EB69A24C161EF00A9E4F1 /* Main.storyboard */,
				C35EB69D24C161EF00A9E4F1 /* Info.plist */,
				C35EB69E24C161EF00A9E4F1 /* HARTS_Launcher.entitlements */,
			);
			path = "HARTS Launcher";
			sourceTree = "<group>";
		};
		C35EB6A624C161EF00A9E4F1 /* HARTS LauncherTests */ = {
			isa = PBXGroup;
			children = (
				C35EB6A724C161EF00A9E4F1 /* HARTS_LauncherTests.swift */,
				C35EB6A924C161EF00A9E4F1 /* Info.plist */,
			);
			path = "HARTS LauncherTests";
			sourceTree = "<group>";
		};
		C35EB6B124C161EF00A9E4F1 /* HARTS LauncherUITests */ = {
			isa = PBXGroup;
			children = (
				C35EB6B224C161EF00A9E4F1 /* HARTS_LauncherUITests.swift */,
				C35EB6B424C161EF00A9E4F1 /* Info.plist */,
			);
			path = "HARTS LauncherUITests";
			sourceTree = "<group>";
		};
/* End PBXGroup section */

/* Begin PBXNativeTarget section */
		C35EB69024C161EE00A9E4F1 /* HARTS Launcher */ = {
			isa = PBXNativeTarget;
			buildConfigurationList = C35EB6B724C161EF00A9E4F1 /* Build configuration list for PBXNativeTarget "HARTS Launcher" */;
			buildPhases = (
				C35EB68D24C161EE00A9E4F1 /* Sources */,
				C35EB68E24C161EE00A9E4F1 /* Frameworks */,
				C35EB68F24C161EE00A9E4F1 /* Resources */,
			);
			buildRules = (
			);
			dependencies = (
			);
			name = "HARTS Launcher";
			productName = "HARTS Launcher";
			productReference = C35EB69124C161EE00A9E4F1 /* HARTS Launcher.app */;
			productType = "com.apple.product-type.application";
		};
		C35EB6A224C161EF00A9E4F1 /* HARTS LauncherTests */ = {
			isa = PBXNativeTarget;
			buildConfigurationList = C35EB6BA24C161EF00A9E4F1 /* Build configuration list for PBXNativeTarget "HARTS LauncherTests" */;
			buildPhases = (
				C35EB69F24C161EF00A9E4F1 /* Sources */,
				C35EB6A024C161EF00A9E4F1 /* Frameworks */,
				C35EB6A124C161EF00A9E4F1 /* Resources */,
			);
			buildRules = (
			);
			dependencies = (
				C35EB6A524C161EF00A9E4F1 /* PBXTargetDependency */,
			);
			name = "HARTS LauncherTests";
			productName = "HARTS LauncherTests";
			productReference = C35EB6A324C161EF00A9E4F1 /* HARTS LauncherTests.xctest */;
			productType = "com.apple.product-type.bundle.unit-test";
		};
		C35EB6AD24C161EF00A9E4F1 /* HARTS LauncherUITests */ = {
			isa = PBXNativeTarget;
			buildConfigurationList = C35EB6BD24C161EF00A9E4F1 /* Build configuration list for PBXNativeTarget "HARTS LauncherUITests" */;
			buildPhases = (
				C35EB6AA24C161EF00A9E4F1 /* Sources */,
				C35EB6AB24C161EF00A9E4F1 /* Frameworks */,
				C35EB6AC24C161EF00A9E4F1 /* Resources */,
			);
			buildRules = (
			);
			dependencies = (
				C35EB6B024C161EF00A9E4F1 /* PBXTargetDependency */,
			);
			name = "HARTS LauncherUITests";
			productName = "HARTS LauncherUITests";
			productReference = C35EB6AE24C161EF00A9E4F1 /* HARTS LauncherUITests.xctest */;
			productType = "com.apple.product-type.bundle.ui-testing";
		};
/* End PBXNativeTarget section */

/* Begin PBXProject section */
		C35EB68924C161EE00A9E4F1 /* Project object */ = {
			isa = PBXProject;
			attributes = {
				LastSwiftUpdateCheck = 1200;
				LastUpgradeCheck = 1200;
				TargetAttributes = {
					C35EB69024C161EE00A9E4F1 = {
						CreatedOnToolsVersion = 12.0;
					};
					C35EB6A224C161EF00A9E4F1 = {
						CreatedOnToolsVersion = 12.0;
						TestTargetID = C35EB69024C161EE00A9E4F1;
					};
					C35EB6AD24C161EF00A9E4F1 = {
						CreatedOnToolsVersion = 12.0;
						TestTargetID = C35EB69024C161EE00A9E4F1;
					};
				};
			};
			buildConfigurationList = C35EB68C24C161EE00A9E4F1 /* Build configuration list for PBXProject "HARTS Launcher" */;
			compatibilityVersion = "Xcode 9.3";
			developmentRegion = en;
			hasScannedForEncodings = 0;
			knownRegions = (
				en,
				Base,
			);
			mainGroup = C35EB68824C161EE00A9E4F1;
			productRefGroup = C35EB69224C161EE00A9E4F1 /* Products */;
			projectDirPath = "";
			projectRoot = "";
			targets = (
				C35EB69024C161EE00A9E4F1 /* HARTS Launcher */,
				C35EB6A224C161EF00A9E4F1 /* HARTS LauncherTests */,
				C35EB6AD24C161EF00A9E4F1 /* HARTS LauncherUITests */,
			);
		};
/* End PBXProject section */

/* Begin PBXResourcesBuildPhase section */
		C35EB68F24C161EE00A9E4F1 /* Resources */ = {
			isa = PBXResourcesBuildPhase;
			buildActionMask = 2147483647;
			files = (
				C35EB6C924C1663100A9E4F1 /* venv.dmg in Resources */,
				C35EB69924C161EF00A9E4F1 /* Assets.xcassets in Resources */,
				C35EB69C24C161EF00A9E4F1 /* Main.storyboard in Resources */,
				C35EB6C724C1660F00A9E4F1 /* async-start in Resources */,
				C35EB6C824C1660F00A9E4F1 /* shasum in Resources */,
			);
			runOnlyForDeploymentPostprocessing = 0;
		};
		C35EB6A124C161EF00A9E4F1 /* Resources */ = {
			isa = PBXResourcesBuildPhase;
			buildActionMask = 2147483647;
			files = (
			);
			runOnlyForDeploymentPostprocessing = 0;
		};
		C35EB6AC24C161EF00A9E4F1 /* Resources */ = {
			isa = PBXResourcesBuildPhase;
			buildActionMask = 2147483647;
			files = (
			);
			runOnlyForDeploymentPostprocessing = 0;
		};
/* End PBXResourcesBuildPhase section */

/* Begin PBXSourcesBuildPhase section */
		C35EB68D24C161EE00A9E4F1 /* Sources */ = {
			isa = PBXSourcesBuildPhase;
			buildActionMask = 2147483647;
			files = (
				C35EB69724C161EE00A9E4F1 /* ViewController.swift in Sources */,
				C35EB69524C161EE00A9E4F1 /* AppDelegate.swift in Sources */,
				C3F7802C24C7C25300108F1B /* GraphicComponents.swift in Sources */,
				C3F7802B24C7C25300108F1B /* NSStaticSwiftUtils.swift in Sources */,
			);
			runOnlyForDeploymentPostprocessing = 0;
		};
		C35EB69F24C161EF00A9E4F1 /* Sources */ = {
			isa = PBXSourcesBuildPhase;
			buildActionMask = 2147483647;
			files = (
				C35EB6A824C161EF00A9E4F1 /* HARTS_LauncherTests.swift in Sources */,
			);
			runOnlyForDeploymentPostprocessing = 0;
		};
		C35EB6AA24C161EF00A9E4F1 /* Sources */ = {
			isa = PBXSourcesBuildPhase;
			buildActionMask = 2147483647;
			files = (
				C35EB6B324C161EF00A9E4F1 /* HARTS_LauncherUITests.swift in Sources */,
			);
			runOnlyForDeploymentPostprocessing = 0;
		};
/* End PBXSourcesBuildPhase section */

/* Begin PBXTargetDependency section */
		C35EB6A524C161EF00A9E4F1 /* PBXTargetDependency */ = {
			isa = PBXTargetDependency;
			target = C35EB69024C161EE00A9E4F1 /* HARTS Launcher */;
			targetProxy = C35EB6A424C161EF00A9E4F1 /* PBXContainerItemProxy */;
		};
		C35EB6B024C161EF00A9E4F1 /* PBXTargetDependency */ = {
			isa = PBXTargetDependency;
			target = C35EB69024C161EE00A9E4F1 /* HARTS Launcher */;
			targetProxy = C35EB6AF24C161EF00A9E4F1 /* PBXContainerItemProxy */;
		};
/* End PBXTargetDependency section */

/* Begin PBXVariantGroup section */
		C35EB69A24C161EF00A9E4F1 /* Main.storyboard */ = {
			isa = PBXVariantGroup;
			children = (
				C35EB69B24C161EF00A9E4F1 /* Base */,
			);
			name = Main.storyboard;
			sourceTree = "<group>";
		};
/* End PBXVariantGroup section */

/* Begin XCBuildConfiguration section */
		C35EB6B524C161EF00A9E4F1 /* Debug */ = {
			isa = XCBuildConfiguration;
			buildSettings = {
				ALWAYS_SEARCH_USER_PATHS = NO;
				CLANG_ANALYZER_NONNULL = YES;
				CLANG_ANALYZER_NUMBER_OBJECT_CONVERSION = YES_AGGRESSIVE;
				CLANG_CXX_LANGUAGE_STANDARD = "gnu++14";
				CLANG_CXX_LIBRARY = "libc++";
				CLANG_ENABLE_MODULES = YES;
				CLANG_ENABLE_OBJC_ARC = YES;
				CLANG_ENABLE_OBJC_WEAK = YES;
				CLANG_WARN_BLOCK_CAPTURE_AUTORELEASING = YES;
				CLANG_WARN_BOOL_CONVERSION = YES;
				CLANG_WARN_COMMA = YES;
				CLANG_WARN_CONSTANT_CONVERSION = YES;
				CLANG_WARN_DEPRECATED_OBJC_IMPLEMENTATIONS = YES;
				CLANG_WARN_DIRECT_OBJC_ISA_USAGE = YES_ERROR;
				CLANG_WARN_DOCUMENTATION_COMMENTS = YES;
				CLANG_WARN_EMPTY_BODY = YES;
				CLANG_WARN_ENUM_CONVERSION = YES;
				CLANG_WARN_INFINITE_RECURSION = YES;
				CLANG_WARN_INT_CONVERSION = YES;
				CLANG_WARN_NON_LITERAL_NULL_CONVERSION = YES;
				CLANG_WARN_OBJC_IMPLICIT_RETAIN_SELF = YES;
				CLANG_WARN_OBJC_LITERAL_CONVERSION = YES;
				CLANG_WARN_OBJC_ROOT_CLASS = YES_ERROR;
				CLANG_WARN_QUOTED_INCLUDE_IN_FRAMEWORK_HEADER = YES;
				CLANG_WARN_RANGE_LOOP_ANALYSIS = YES;
				CLANG_WARN_STRICT_PROTOTYPES = YES;
				CLANG_WARN_SUSPICIOUS_MOVE = YES;
				CLANG_WARN_UNGUARDED_AVAILABILITY = YES_AGGRESSIVE;
				CLANG_WARN_UNREACHABLE_CODE = YES;
				CLANG_WARN__DUPLICATE_METHOD_MATCH = YES;
				COPY_PHASE_STRIP = NO;
				DEBUG_INFORMATION_FORMAT = dwarf;
				ENABLE_STRICT_OBJC_MSGSEND = YES;
				ENABLE_TESTABILITY = YES;
				GCC_C_LANGUAGE_STANDARD = gnu11;
				GCC_DYNAMIC_NO_PIC = NO;
				GCC_NO_COMMON_BLOCKS = YES;
				GCC_OPTIMIZATION_LEVEL = 0;
				GCC_PREPROCESSOR_DEFINITIONS = (
					"DEBUG=1",
					"$(inherited)",
				);
				GCC_WARN_64_TO_32_BIT_CONVERSION = YES;
				GCC_WARN_ABOUT_RETURN_TYPE = YES_ERROR;
				GCC_WARN_UNDECLARED_SELECTOR = YES;
				GCC_WARN_UNINITIALIZED_AUTOS = YES_AGGRESSIVE;
				GCC_WARN_UNUSED_FUNCTION = YES;
				GCC_WARN_UNUSED_VARIABLE = YES;
				MACOSX_DEPLOYMENT_TARGET = 10.14;
				MTL_ENABLE_DEBUG_INFO = INCLUDE_SOURCE;
				MTL_FAST_MATH = YES;
				ONLY_ACTIVE_ARCH = YES;
				SDKROOT = macosx;
				SWIFT_ACTIVE_COMPILATION_CONDITIONS = DEBUG;
				SWIFT_OPTIMIZATION_LEVEL = "-Onone";
			};
			name = Debug;
		};
		C35EB6B624C161EF00A9E4F1 /* Release */ = {
			isa = XCBuildConfiguration;
			buildSettings = {
				ALWAYS_SEARCH_USER_PATHS = NO;
				CLANG_ANALYZER_NONNULL = YES;
				CLANG_ANALYZER_NUMBER_OBJECT_CONVERSION = YES_AGGRESSIVE;
				CLANG_CXX_LANGUAGE_STANDARD = "gnu++14";
				CLANG_CXX_LIBRARY = "libc++";
				CLANG_ENABLE_MODULES = YES;
				CLANG_ENABLE_OBJC_ARC = YES;
				CLANG_ENABLE_OBJC_WEAK = YES;
				CLANG_WARN_BLOCK_CAPTURE_AUTORELEASING = YES;
				CLANG_WARN_BOOL_CONVERSION = YES;
				CLANG_WARN_COMMA = YES;
				CLANG_WARN_CONSTANT_CONVERSION = YES;
				CLANG_WARN_DEPRECATED_OBJC_IMPLEMENTATIONS = YES;
				CLANG_WARN_DIRECT_OBJC_ISA_USAGE = YES_ERROR;
				CLANG_WARN_DOCUMENTATION_COMMENTS = YES;
				CLANG_WARN_EMPTY_BODY = YES;
				CLANG_WARN_ENUM_CONVERSION = YES;
				CLANG_WARN_INFINITE_RECURSION = YES;
				CLANG_WARN_INT_CONVERSION = YES;
				CLANG_WARN_NON_LITERAL_NULL_CONVERSION = YES;
				CLANG_WARN_OBJC_IMPLICIT_RETAIN_SELF = YES;
				CLANG_WARN_OBJC_LITERAL_CONVERSION = YES;
				CLANG_WARN_OBJC_ROOT_CLASS = YES_ERROR;
				CLANG_WARN_QUOTED_INCLUDE_IN_FRAMEWORK_HEADER = YES;
				CLANG_WARN_RANGE_LOOP_ANALYSIS = YES;
				CLANG_WARN_STRICT_PROTOTYPES = YES;
				CLANG_WARN_SUSPICIOUS_MOVE = YES;
				CLANG_WARN_UNGUARDED_AVAILABILITY = YES_AGGRESSIVE;
				CLANG_WARN_UNREACHABLE_CODE = YES;
				CLANG_WARN__DUPLICATE_METHOD_MATCH = YES;
				COPY_PHASE_STRIP = NO;
				DEBUG_INFORMATION_FORMAT = "dwarf-with-dsym";
				ENABLE_NS_ASSERTIONS = NO;
				ENABLE_STRICT_OBJC_MSGSEND = YES;
				GCC_C_LANGUAGE_STANDARD = gnu11;
				GCC_NO_COMMON_BLOCKS = YES;
				GCC_WARN_64_TO_32_BIT_CONVERSION = YES;
				GCC_WARN_ABOUT_RETURN_TYPE = YES_ERROR;
				GCC_WARN_UNDECLARED_SELECTOR = YES;
				GCC_WARN_UNINITIALIZED_AUTOS = YES_AGGRESSIVE;
				GCC_WARN_UNUSED_FUNCTION = YES;
				GCC_WARN_UNUSED_VARIABLE = YES;
				MACOSX_DEPLOYMENT_TARGET = 10.14;
				MTL_ENABLE_DEBUG_INFO = NO;
				MTL_FAST_MATH = YES;
				SDKROOT = macosx;
				SWIFT_COMPILATION_MODE = wholemodule;
				SWIFT_OPTIMIZATION_LEVEL = "-O";
			};
			name = Release;
		};
		C35EB6B824C161EF00A9E4F1 /* Debug */ = {
			isa = XCBuildConfiguration;
			buildSettings = {
				ASSETCATALOG_COMPILER_APPICON_NAME = AppIcon;
				ASSETCATALOG_COMPILER_GLOBAL_ACCENT_COLOR_NAME = AccentColor;
				CODE_SIGN_ENTITLEMENTS = "HARTS Launcher/HARTS_Launcher.entitlements";
				CODE_SIGN_STYLE = Automatic;
				COMBINE_HIDPI_IMAGES = YES;
				DEVELOPMENT_TEAM = 79KAJRXRUR;
				ENABLE_HARDENED_RUNTIME = YES;
				INFOPLIST_FILE = "HARTS Launcher/Info.plist";
				LD_RUNPATH_SEARCH_PATHS = (
					"$(inherited)",
					"@executable_path/../Frameworks",
				);
				PRODUCT_BUNDLE_IDENTIFIER = "me.410.HARTS-Launcher";
				PRODUCT_NAME = "$(TARGET_NAME)";
				SWIFT_VERSION = 5.0;
			};
			name = Debug;
		};
		C35EB6B924C161EF00A9E4F1 /* Release */ = {
			isa = XCBuildConfiguration;
			buildSettings = {
				ASSETCATALOG_COMPILER_APPICON_NAME = AppIcon;
				ASSETCATALOG_COMPILER_GLOBAL_ACCENT_COLOR_NAME = AccentColor;
				CODE_SIGN_ENTITLEMENTS = "HARTS Launcher/HARTS_Launcher.entitlements";
				CODE_SIGN_STYLE = Automatic;
				COMBINE_HIDPI_IMAGES = YES;
				DEVELOPMENT_TEAM = 79KAJRXRUR;
				ENABLE_HARDENED_RUNTIME = YES;
				INFOPLIST_FILE = "HARTS Launcher/Info.plist";
				LD_RUNPATH_SEARCH_PATHS = (
					"$(inherited)",
					"@executable_path/../Frameworks",
				);
				PRODUCT_BUNDLE_IDENTIFIER = "me.410.HARTS-Launcher";
				PRODUCT_NAME = "$(TARGET_NAME)";
				SWIFT_VERSION = 5.0;
			};
			name = Release;
		};
		C35EB6BB24C161EF00A9E4F1 /* Debug */ = {
			isa = XCBuildConfiguration;
			buildSettings = {
				ALWAYS_EMBED_SWIFT_STANDARD_LIBRARIES = YES;
				BUNDLE_LOADER = "$(TEST_HOST)";
				CODE_SIGN_STYLE = Automatic;
				COMBINE_HIDPI_IMAGES = YES;
				DEVELOPMENT_TEAM = 79KAJRXRUR;
				INFOPLIST_FILE = "HARTS LauncherTests/Info.plist";
				LD_RUNPATH_SEARCH_PATHS = (
					"$(inherited)",
					"@executable_path/../Frameworks",
					"@loader_path/../Frameworks",
				);
				MACOSX_DEPLOYMENT_TARGET = 10.16;
				PRODUCT_BUNDLE_IDENTIFIER = "me.410.HARTS-LauncherTests";
				PRODUCT_NAME = "$(TARGET_NAME)";
				SWIFT_VERSION = 5.0;
				TEST_HOST = "$(BUILT_PRODUCTS_DIR)/HARTS Launcher.app/Contents/MacOS/HARTS Launcher";
			};
			name = Debug;
		};
		C35EB6BC24C161EF00A9E4F1 /* Release */ = {
			isa = XCBuildConfiguration;
			buildSettings = {
				ALWAYS_EMBED_SWIFT_STANDARD_LIBRARIES = YES;
				BUNDLE_LOADER = "$(TEST_HOST)";
				CODE_SIGN_STYLE = Automatic;
				COMBINE_HIDPI_IMAGES = YES;
				DEVELOPMENT_TEAM = 79KAJRXRUR;
				INFOPLIST_FILE = "HARTS LauncherTests/Info.plist";
				LD_RUNPATH_SEARCH_PATHS = (
					"$(inherited)",
					"@executable_path/../Frameworks",
					"@loader_path/../Frameworks",
				);
				MACOSX_DEPLOYMENT_TARGET = 10.16;
				PRODUCT_BUNDLE_IDENTIFIER = "me.410.HARTS-LauncherTests";
				PRODUCT_NAME = "$(TARGET_NAME)";
				SWIFT_VERSION = 5.0;
				TEST_HOST = "$(BUILT_PRODUCTS_DIR)/HARTS Launcher.app/Contents/MacOS/HARTS Launcher";
			};
			name = Release;
		};
		C35EB6BE24C161EF00A9E4F1 /* Debug */ = {
			isa = XCBuildConfiguration;
			buildSettings = {
				ALWAYS_EMBED_SWIFT_STANDARD_LIBRARIES = YES;
				CODE_SIGN_STYLE = Automatic;
				COMBINE_HIDPI_IMAGES = YES;
				DEVELOPMENT_TEAM = 79KAJRXRUR;
				INFOPLIST_FILE = "HARTS LauncherUITests/Info.plist";
				LD_RUNPATH_SEARCH_PATHS = (
					"$(inherited)",
					"@executable_path/../Frameworks",
					"@loader_path/../Frameworks",
				);
				PRODUCT_BUNDLE_IDENTIFIER = "me.410.HARTS-LauncherUITests";
				PRODUCT_NAME = "$(TARGET_NAME)";
				SWIFT_VERSION = 5.0;
				TEST_TARGET_NAME = "HARTS Launcher";
			};
			name = Debug;
		};
		C35EB6BF24C161EF00A9E4F1 /* Release */ = {
			isa = XCBuildConfiguration;
			buildSettings = {
				ALWAYS_EMBED_SWIFT_STANDARD_LIBRARIES = YES;
				CODE_SIGN_STYLE = Automatic;
				COMBINE_HIDPI_IMAGES = YES;
				DEVELOPMENT_TEAM = 79KAJRXRUR;
				INFOPLIST_FILE = "HARTS LauncherUITests/Info.plist";
				LD_RUNPATH_SEARCH_PATHS = (
					"$(inherited)",
					"@executable_path/../Frameworks",
					"@loader_path/../Frameworks",
				);
				PRODUCT_BUNDLE_IDENTIFIER = "me.410.HARTS-LauncherUITests";
				PRODUCT_NAME = "$(TARGET_NAME)";
				SWIFT_VERSION = 5.0;
				TEST_TARGET_NAME = "HARTS Launcher";
			};
			name = Release;
		};
/* End XCBuildConfiguration section */

/* Begin XCConfigurationList section */
		C35EB68C24C161EE00A9E4F1 /* Build configuration list for PBXProject "HARTS Launcher" */ = {
			isa = XCConfigurationList;
			buildConfigurations = (
				C35EB6B524C161EF00A9E4F1 /* Debug */,
				C35EB6B624C161EF00A9E4F1 /* Release */,
			);
			defaultConfigurationIsVisible = 0;
			defaultConfigurationName = Release;
		};
		C35EB6B724C161EF00A9E4F1 /* Build configuration list for PBXNativeTarget "HARTS Launcher" */ = {
			isa = XCConfigurationList;
			buildConfigurations = (
				C35EB6B824C161EF00A9E4F1 /* Debug */,
				C35EB6B924C161EF00A9E4F1 /* Release */,
			);
			defaultConfigurationIsVisible = 0;
			defaultConfigurationName = Release;
		};
		C35EB6BA24C161EF00A9E4F1 /* Build configuration list for PBXNativeTarget "HARTS LauncherTests" */ = {
			isa = XCConfigurationList;
			buildConfigurations = (
				C35EB6BB24C161EF00A9E4F1 /* Debug */,
				C35EB6BC24C161EF00A9E4F1 /* Release */,
			);
			defaultConfigurationIsVisible = 0;
			defaultConfigurationName = Release;
		};
		C35EB6BD24C161EF00A9E4F1 /* Build configuration list for PBXNativeTarget "HARTS LauncherUITests" */ = {
			isa = XCConfigurationList;
			buildConfigurations = (
				C35EB6BE24C161EF00A9E4F1 /* Debug */,
				C35EB6BF24C161EF00A9E4F1 /* Release */,
			);
			defaultConfigurationIsVisible = 0;
			defaultConfigurationName = Release;
		};
/* End XCConfigurationList section */
	};
	rootObject = C35EB68924C161EE00A9E4F1 /* Project object */;
}
